
Microsoft Visual Studio Solution File, Format Version 12.00
# Visual Studio Version 17
VisualStudioVersion = 17.7.34031.279
MinimumVisualStudioVersion = 10.0.40219.1
Project("{FAE04EC0-301F-11D3-BF4B-00C04F79EFBC}") = "URodziny", "URodziny.csproj", "{AFDB6EBF-3455-44E4-A590-6E5808AB7EAF}"
EndProject
Global
	GlobalSection(SolutionConfigurationPlatforms) = preSolution
		Debug|Any CPU = Debug|Any CPU
		Release|Any CPU = Release|Any CPU
	EndGlobalSection
	GlobalSection(ProjectConfigurationPlatforms) = postSolution
		{AFDB6EBF-3455-44E4-A590-6E5808AB7EAF}.Debug|Any CPU.ActiveCfg = Debug|Any CPU
		{AFDB6EBF-3455-44E4-A590-6E5808AB7EAF}.Debug|Any CPU.Build.0 = Debug|Any CPU
		{AFDB6EBF-3455-44E4-A590-6E5808AB7EAF}.Release|Any CPU.ActiveCfg = Release|Any CPU
		{AFDB6EBF-3455-44E4-A590-6E5808AB7EAF}.Release|Any CPU.Build.0 = Release|Any CPU
	EndGlobalSection
	GlobalSection(SolutionProperties) = preSolution
		HideSolutionNode = FALSE
	EndGlobalSection
	GlobalSection(ExtensibilityGlobals) = postSolution
		SolutionGuid = {D6A31A41-76B6-4326-B9AD-035FBBF9CB79}
	EndGlobalSection
EndGlobal
